{
  "name": "@merclaw/pixverse-provider",
  "version": "2026.5.31",
  "lockfileVersion": 3,
  "requires": true,
  "packages": {
    "": {
      "name": "@merclaw/pixverse-provider",
      "version": "2026.5.31",
      "peerDependencies": {
        "merclaw": ">=2026.5.31"
      },
      "peerDependenciesMeta": {
        "merclaw": {
          "optional": true
        }
      }
    }
  }
}
